# THIS IS AN AUTOGENERATED FILE. DO NOT EDIT THIS FILE DIRECTLY.
# yarn lockfile v1


argparse@^1.0.7:
  version "1.0.9"
  resolved "https://registry.yarnpkg.com/argparse/-/argparse-1.0.9.tgz#73d83bc263f86e97f8cc4f6bae1b0e90a7d22c86"
  dependencies:
    sprintf-js "~1.0.2"

esprima@^3.1.1:
  version "3.1.3"
  resolved "https://registry.yarnpkg.com/esprima/-/esprima-3.1.3.tgz#fdca51cee6133895e3c88d535ce49dbff62a4633"

graceful-fs@^4.1.3:
  version "4.1.11"
  resolved "https://registry.yarnpkg.com/graceful-fs/-/graceful-fs-4.1.11.tgz#0e8bdfe4d1ddb8854d64e04ea7c00e2a026e5658"

is-promise@^2.1.0:
  version "2.1.0"
  resolved "https://registry.yarnpkg.com/is-promise/-/is-promise-2.1.0.tgz#79a2a9ece7f096e80f36d2b2f3bc16c1ff4bf3fa"

jju@^1.1.0:
  version "1.3.0"
  resolved "https://registry.yarnpkg.com/jju/-/jju-1.3.0.tgz#dadd9ef01924bc728b03f2f7979bdbd62f7a2aaa"

js-yaml@^3.8.2:
  version "3.8.2"
  resolved "https://registry.yarnpkg.com/js-yaml/-/js-yaml-3.8.2.tgz#02d3e2c0f6beab20248d412c352203827d786721"
  dependencies:
    argparse "^1.0.7"
    esprima "^3.1.1"

json-parse-helpfulerror@^1.0.3:
  version "1.0.3"
  resolved "https://registry.yarnpkg.com/json-parse-helpfulerror/-/json-parse-helpfulerror-1.0.3.tgz#13f14ce02eed4e981297b64eb9e3b932e2dd13dc"
  dependencies:
    jju "^1.1.0"

lodash@4:
  version "4.17.4"
  resolved "https://registry.yarnpkg.com/lodash/-/lodash-4.17.4.tgz#78203a4d1c328ae1d86dca6460e369b57f4055ae"

lowdb@^0.16.0:
  version "0.16.0"
  resolved "https://registry.yarnpkg.com/lowdb/-/lowdb-0.16.0.tgz#0e3fb37332fa6189eca2d864e7ad9dc989359866"
  dependencies:
    graceful-fs "^4.1.3"
    is-promise "^2.1.0"
    json-parse-helpfulerror "^1.0.3"
    lodash "4"
    steno "^0.4.1"

sprintf-js@~1.0.2:
  version "1.0.3"
  resolved "https://registry.yarnpkg.com/sprintf-js/-/sprintf-js-1.0.3.tgz#04e6926f662895354f3dd015203633b857297e2c"

steno@^0.4.1:
  version "0.4.4"
  resolved "https://registry.yarnpkg.com/steno/-/steno-0.4.4.tgz#071105bdfc286e6615c0403c27e9d7b5dcb855cb"
  dependencies:
    graceful-fs "^4.1.3"

ulid@^0.1.0:
  version "0.1.0"
  resolved "https://registry.yarnpkg.com/ulid/-/ulid-0.1.0.tgz#9044142d2b4b7bb2551ed7d6e2d301c46e1d3725"

ybdb@^0.2.0:
  version "0.2.0"
  resolved "https://registry.yarnpkg.com/ybdb/-/ybdb-0.2.0.tgz#78fe13de6cf96fbb094e8b7e412a0f1fa7be59f3"
  dependencies:
    js-yaml "^3.8.2"
    lowdb "^0.16.0"
